
Microsoft Visual Studio Solution File, Format Version 12.00
# Visual Studio Version 17
VisualStudioVersion = 17.7.34202.233
MinimumVisualStudioVersion = 10.0.40219.1
Project("{FAE04EC0-301F-11D3-BF4B-00C04F79EFBC}") = "ATM_Model", "ATM_Model.csproj", "{B25012FA-DC32-4D5C-A752-1F78DFF4C19F}"
EndProject
Global
	GlobalSection(SolutionConfigurationPlatforms) = preSolution
		Debug|Any CPU = Debug|Any CPU
		Release|Any CPU = Release|Any CPU
	EndGlobalSection
	GlobalSection(ProjectConfigurationPlatforms) = postSolution
		{B25012FA-DC32-4D5C-A752-1F78DFF4C19F}.Debug|Any CPU.ActiveCfg = Debug|Any CPU
		{B25012FA-DC32-4D5C-A752-1F78DFF4C19F}.Debug|Any CPU.Build.0 = Debug|Any CPU
		{B25012FA-DC32-4D5C-A752-1F78DFF4C19F}.Release|Any CPU.ActiveCfg = Release|Any CPU
		{B25012FA-DC32-4D5C-A752-1F78DFF4C19F}.Release|Any CPU.Build.0 = Release|Any CPU
	EndGlobalSection
	GlobalSection(SolutionProperties) = preSolution
		HideSolutionNode = FALSE
	EndGlobalSection
	GlobalSection(ExtensibilityGlobals) = postSolution
		SolutionGuid = {587BF89D-8DFA-4AA0-9D2E-8D56CBD28342}
	EndGlobalSection
EndGlobal
